
Microsoft Visual Studio Solution File, Format Version 12.00
# Visual Studio Version 16
VisualStudioVersion = 16.0.31205.134
MinimumVisualStudioVersion = 10.0.40219.1
Project("{9A19103F-16F7-4668-BE54-9A1E7A4F7556}") = "MetricsManager", "MetricsManager\MetricsManager.csproj", "{83E28892-CF6F-4E7C-B98D-BA94F08B7A07}"
EndProject
Project("{9A19103F-16F7-4668-BE54-9A1E7A4F7556}") = "MetricsAgent", "MetricsAgent\MetricsAgent.csproj", "{840C70A5-96CC-4911-AC28-3F0652C5CBA1}"
EndProject
Project("{FAE04EC0-301F-11D3-BF4B-00C04F79EFBC}") = "MetricsManager_Tests", "MetricsManager_Tests\MetricsManager_Tests.csproj", "{7F69C28B-249A-4EDD-B0D9-C141DF49AC51}"
EndProject
Project("{FAE04EC0-301F-11D3-BF4B-00C04F79EFBC}") = "MetricsAgent_Tests", "MetricsAgent_Tests\MetricsAgent_Tests.csproj", "{C656FCBD-FA04-4F44-8D56-AD53386A77DB}"
EndProject
Global
	GlobalSection(SolutionConfigurationPlatforms) = preSolution
		Debug|Any CPU = Debug|Any CPU
		Release|Any CPU = Release|Any CPU
	EndGlobalSection
	GlobalSection(ProjectConfigurationPlatforms) = postSolution
		{83E28892-CF6F-4E7C-B98D-BA94F08B7A07}.Debug|Any CPU.ActiveCfg = Debug|Any CPU
		{83E28892-CF6F-4E7C-B98D-BA94F08B7A07}.Debug|Any CPU.Build.0 = Debug|Any CPU
		{83E28892-CF6F-4E7C-B98D-BA94F08B7A07}.Release|Any CPU.ActiveCfg = Release|Any CPU
		{83E28892-CF6F-4E7C-B98D-BA94F08B7A07}.Release|Any CPU.Build.0 = Release|Any CPU
		{840C70A5-96CC-4911-AC28-3F0652C5CBA1}.Debug|Any CPU.ActiveCfg = Debug|Any CPU
		{840C70A5-96CC-4911-AC28-3F0652C5CBA1}.Debug|Any CPU.Build.0 = Debug|Any CPU
		{840C70A5-96CC-4911-AC28-3F0652C5CBA1}.Release|Any CPU.ActiveCfg = Release|Any CPU
		{840C70A5-96CC-4911-AC28-3F0652C5CBA1}.Release|Any CPU.Build.0 = Release|Any CPU
		{7F69C28B-249A-4EDD-B0D9-C141DF49AC51}.Debug|Any CPU.ActiveCfg = Debug|Any CPU
		{7F69C28B-249A-4EDD-B0D9-C141DF49AC51}.Debug|Any CPU.Build.0 = Debug|Any CPU
		{7F69C28B-249A-4EDD-B0D9-C141DF49AC51}.Release|Any CPU.ActiveCfg = Release|Any CPU
		{7F69C28B-249A-4EDD-B0D9-C141DF49AC51}.Release|Any CPU.Build.0 = Release|Any CPU
		{C656FCBD-FA04-4F44-8D56-AD53386A77DB}.Debug|Any CPU.ActiveCfg = Debug|Any CPU
		{C656FCBD-FA04-4F44-8D56-AD53386A77DB}.Debug|Any CPU.Build.0 = Debug|Any CPU
		{C656FCBD-FA04-4F44-8D56-AD53386A77DB}.Release|Any CPU.ActiveCfg = Release|Any CPU
		{C656FCBD-FA04-4F44-8D56-AD53386A77DB}.Release|Any CPU.Build.0 = Release|Any CPU
	EndGlobalSection
	GlobalSection(SolutionProperties) = preSolution
		HideSolutionNode = FALSE
	EndGlobalSection
	GlobalSection(ExtensibilityGlobals) = postSolution
		SolutionGuid = {5F492B39-A240-4ACB-887C-1734D6DA0F7C}
	EndGlobalSection
EndGlobal
